
Microsoft Visual Studio Solution File, Format Version 12.00
# Visual Studio 15
VisualStudioVersion = 15.0.27428.2037
MinimumVisualStudioVersion = 10.0.40219.1
Project("{FAE04EC0-301F-11D3-BF4B-00C04F79EFBC}") = "SDV701Server", "SDV701Server\SDV701Server.csproj", "{D1C14ACB-3B41-46A0-ACFE-B6F83B9F5681}"
EndProject
Project("{FAE04EC0-301F-11D3-BF4B-00C04F79EFBC}") = "SDV701AdminClient", "SDV701AdminClient\SDV701AdminClient.csproj", "{015B76B2-3B8B-40CC-B8C0-EC81188B2D9F}"
EndProject
Project("{FAE04EC0-301F-11D3-BF4B-00C04F79EFBC}") = "SDV701BrowserClient", "SDV701BrowserClient\SDV701BrowserClient.csproj", "{F68E49FC-8E5D-4152-9C72-FCAEF2DFEB43}"
EndProject
Global
	GlobalSection(SolutionConfigurationPlatforms) = preSolution
		Debug|Any CPU = Debug|Any CPU
		Debug|ARM = Debug|ARM
		Debug|x64 = Debug|x64
		Debug|x86 = Debug|x86
		Release|Any CPU = Release|Any CPU
		Release|ARM = Release|ARM
		Release|x64 = Release|x64
		Release|x86 = Release|x86
	EndGlobalSection
	GlobalSection(ProjectConfigurationPlatforms) = postSolution
		{D1C14ACB-3B41-46A0-ACFE-B6F83B9F5681}.Debug|Any CPU.ActiveCfg = Debug|Any CPU
		{D1C14ACB-3B41-46A0-ACFE-B6F83B9F5681}.Debug|Any CPU.Build.0 = Debug|Any CPU
		{D1C14ACB-3B41-46A0-ACFE-B6F83B9F5681}.Debug|ARM.ActiveCfg = Debug|Any CPU
		{D1C14ACB-3B41-46A0-ACFE-B6F83B9F5681}.Debug|ARM.Build.0 = Debug|Any CPU
		{D1C14ACB-3B41-46A0-ACFE-B6F83B9F5681}.Debug|x64.ActiveCfg = Debug|Any CPU
		{D1C14ACB-3B41-46A0-ACFE-B6F83B9F5681}.Debug|x64.Build.0 = Debug|Any CPU
		{D1C14ACB-3B41-46A0-ACFE-B6F83B9F5681}.Debug|x86.ActiveCfg = Debug|Any CPU
		{D1C14ACB-3B41-46A0-ACFE-B6F83B9F5681}.Debug|x86.Build.0 = Debug|Any CPU
		{D1C14ACB-3B41-46A0-ACFE-B6F83B9F5681}.Release|Any CPU.ActiveCfg = Release|Any CPU
		{D1C14ACB-3B41-46A0-ACFE-B6F83B9F5681}.Release|Any CPU.Build.0 = Release|Any CPU
		{D1C14ACB-3B41-46A0-ACFE-B6F83B9F5681}.Release|ARM.ActiveCfg = Release|Any CPU
		{D1C14ACB-3B41-46A0-ACFE-B6F83B9F5681}.Release|ARM.Build.0 = Release|Any CPU
		{D1C14ACB-3B41-46A0-ACFE-B6F83B9F5681}.Release|x64.ActiveCfg = Release|Any CPU
		{D1C14ACB-3B41-46A0-ACFE-B6F83B9F5681}.Release|x64.Build.0 = Release|Any CPU
		{D1C14ACB-3B41-46A0-ACFE-B6F83B9F5681}.Release|x86.ActiveCfg = Release|Any CPU
		{D1C14ACB-3B41-46A0-ACFE-B6F83B9F5681}.Release|x86.Build.0 = Release|Any CPU
		{015B76B2-3B8B-40CC-B8C0-EC81188B2D9F}.Debug|Any CPU.ActiveCfg = Debug|Any CPU
		{015B76B2-3B8B-40CC-B8C0-EC81188B2D9F}.Debug|Any CPU.Build.0 = Debug|Any CPU
		{015B76B2-3B8B-40CC-B8C0-EC81188B2D9F}.Debug|ARM.ActiveCfg = Debug|Any CPU
		{015B76B2-3B8B-40CC-B8C0-EC81188B2D9F}.Debug|ARM.Build.0 = Debug|Any CPU
		{015B76B2-3B8B-40CC-B8C0-EC81188B2D9F}.Debug|x64.ActiveCfg = Debug|Any CPU
		{015B76B2-3B8B-40CC-B8C0-EC81188B2D9F}.Debug|x64.Build.0 = Debug|Any CPU
		{015B76B2-3B8B-40CC-B8C0-EC81188B2D9F}.Debug|x86.ActiveCfg = Debug|Any CPU
		{015B76B2-3B8B-40CC-B8C0-EC81188B2D9F}.Debug|x86.Build.0 = Debug|Any CPU
		{015B76B2-3B8B-40CC-B8C0-EC81188B2D9F}.Release|Any CPU.ActiveCfg = Release|Any CPU
		{015B76B2-3B8B-40CC-B8C0-EC81188B2D9F}.Release|Any CPU.Build.0 = Release|Any CPU
		{015B76B2-3B8B-40CC-B8C0-EC81188B2D9F}.Release|ARM.ActiveCfg = Release|Any CPU
		{015B76B2-3B8B-40CC-B8C0-EC81188B2D9F}.Release|ARM.Build.0 = Release|Any CPU
		{015B76B2-3B8B-40CC-B8C0-EC81188B2D9F}.Release|x64.ActiveCfg = Release|Any CPU
		{015B76B2-3B8B-40CC-B8C0-EC81188B2D9F}.Release|x64.Build.0 = Release|Any CPU
		{015B76B2-3B8B-40CC-B8C0-EC81188B2D9F}.Release|x86.ActiveCfg = Release|Any CPU
		{015B76B2-3B8B-40CC-B8C0-EC81188B2D9F}.Release|x86.Build.0 = Release|Any CPU
		{F68E49FC-8E5D-4152-9C72-FCAEF2DFEB43}.Debug|Any CPU.ActiveCfg = Debug|x86
		{F68E49FC-8E5D-4152-9C72-FCAEF2DFEB43}.Debug|ARM.ActiveCfg = Debug|ARM
		{F68E49FC-8E5D-4152-9C72-FCAEF2DFEB43}.Debug|ARM.Build.0 = Debug|ARM
		{F68E49FC-8E5D-4152-9C72-FCAEF2DFEB43}.Debug|ARM.Deploy.0 = Debug|ARM
		{F68E49FC-8E5D-4152-9C72-FCAEF2DFEB43}.Debug|x64.ActiveCfg = Debug|x64
		{F68E49FC-8E5D-4152-9C72-FCAEF2DFEB43}.Debug|x64.Build.0 = Debug|x64
		{F68E49FC-8E5D-4152-9C72-FCAEF2DFEB43}.Debug|x64.Deploy.0 = Debug|x64
		{F68E49FC-8E5D-4152-9C72-FCAEF2DFEB43}.Debug|x86.ActiveCfg = Debug|x86
		{F68E49FC-8E5D-4152-9C72-FCAEF2DFEB43}.Debug|x86.Build.0 = Debug|x86
		{F68E49FC-8E5D-4152-9C72-FCAEF2DFEB43}.Debug|x86.Deploy.0 = Debug|x86
		{F68E49FC-8E5D-4152-9C72-FCAEF2DFEB43}.Release|Any CPU.ActiveCfg = Release|x86
		{F68E49FC-8E5D-4152-9C72-FCAEF2DFEB43}.Release|ARM.ActiveCfg = Release|ARM
		{F68E49FC-8E5D-4152-9C72-FCAEF2DFEB43}.Release|ARM.Build.0 = Release|ARM
		{F68E49FC-8E5D-4152-9C72-FCAEF2DFEB43}.Release|ARM.Deploy.0 = Release|ARM
		{F68E49FC-8E5D-4152-9C72-FCAEF2DFEB43}.Release|x64.ActiveCfg = Release|x64
		{F68E49FC-8E5D-4152-9C72-FCAEF2DFEB43}.Release|x64.Build.0 = Release|x64
		{F68E49FC-8E5D-4152-9C72-FCAEF2DFEB43}.Release|x64.Deploy.0 = Release|x64
		{F68E49FC-8E5D-4152-9C72-FCAEF2DFEB43}.Release|x86.ActiveCfg = Release|x86
		{F68E49FC-8E5D-4152-9C72-FCAEF2DFEB43}.Release|x86.Build.0 = Release|x86
		{F68E49FC-8E5D-4152-9C72-FCAEF2DFEB43}.Release|x86.Deploy.0 = Release|x86
	EndGlobalSection
	GlobalSection(SolutionProperties) = preSolution
		HideSolutionNode = FALSE
	EndGlobalSection
	GlobalSection(ExtensibilityGlobals) = postSolution
		SolutionGuid = {C89D1A0D-2183-41B7-90E2-94CF17811482}
	EndGlobalSection
EndGlobal
